{
  "requires": true,
  "lockfileVersion": 1,
  "dependencies": {
    "@prisma/cli": {
      "version": "2.7.1",
      "resolved": "https://registry.npmjs.org/@prisma/cli/-/cli-2.7.1.tgz",
      "integrity": "sha512-0uA+gWkNQ35DveVHDPltiTCTr4wcXtEhnPs463IEM+Xn8dTv9x0gtZiYHSuQM3t7uwlOxj1rurBsqSbiljynfQ==",
      "dev": true
    }
  }
}
